
Microsoft Visual Studio Solution File, Format Version 12.00
# Visual Studio Express 2012 for Windows Desktop
Project("{FAE04EC0-301F-11D3-BF4B-00C04F79EFBC}") = "ATK", "ATK\ATK.csproj", "{2102D421-55B9-4E83-B9B3-17A4B8A3C2B9}"
EndProject
Global
	GlobalSection(SolutionConfigurationPlatforms) = preSolution
		Debug|Any CPU = Debug|Any CPU
		Release|Any CPU = Release|Any CPU
	EndGlobalSection
	GlobalSection(ProjectConfigurationPlatforms) = postSolution
		{2102D421-55B9-4E83-B9B3-17A4B8A3C2B9}.Debug|Any CPU.ActiveCfg = Debug|Any CPU
		{2102D421-55B9-4E83-B9B3-17A4B8A3C2B9}.Debug|Any CPU.Build.0 = Debug|Any CPU
		{2102D421-55B9-4E83-B9B3-17A4B8A3C2B9}.Release|Any CPU.ActiveCfg = Release|Any CPU
		{2102D421-55B9-4E83-B9B3-17A4B8A3C2B9}.Release|Any CPU.Build.0 = Release|Any CPU
	EndGlobalSection
	GlobalSection(SolutionProperties) = preSolution
		HideSolutionNode = FALSE
	EndGlobalSection
EndGlobal
